{
  "version": 4,
  "terraform_version": "1.13.0",
  "serial": 12,
  "lineage": "81826026-01ba-c5a8-aeb4-f0087743e710",
  "outputs": {
    "function_service_account_email": {
      "value": "lexi-simplify-func-sa@jovial-archive-470312-b5.iam.gserviceaccount.com",
      "type": "string"
    },
    "upload_bucket_name": {
      "value": "lexi-simplify-uploads-v4",
      "type": "string"
    }
  },
  "resources": [
    {
      "mode": "data",
      "type": "google_project",
      "name": "project",
      "provider": "provider[\"registry.terraform.io/hashicorp/google\"]",
      "instances": [
        {
          "schema_version": 0,
          "attributes": {
            "auto_create_network": null,
            "billing_account": "012386-815C2E-2A3BAA",
            "deletion_policy": "PREVENT",
            "effective_labels": {},
            "folder_id": null,
            "id": "projects/jovial-archive-470312-b5",
            "labels": {},
            "name": "My First Project",
            "number": "125408840086",
            "org_id": null,
            "project_id": "jovial-archive-470312-b5",
            "tags": null,
            "terraform_labels": {}
          },
          "sensitive_attributes": [],
          "identity_schema_version": 0
        }
      ]
    },
    {
      "mode": "managed",
      "type": "google_project_iam_member",
      "name": "eventarc_sa_storage_admin",
      "provider": "provider[\"registry.terraform.io/hashicorp/google\"]",
      "instances": [
        {
          "schema_version": 0,
          "attributes": {
            "condition": [],
            "etag": "BwY/N3MxkZc=",
            "id": "jovial-archive-470312-b5/roles/storage.admin/serviceAccount:service-125408840086@gcp-sa-eventarc.iam.gserviceaccount.com",
            "member": "serviceAccount:service-125408840086@gcp-sa-eventarc.iam.gserviceaccount.com",
            "project": "jovial-archive-470312-b5",
            "role": "roles/storage.admin"
          },
          "sensitive_attributes": [],
          "identity_schema_version": 0,
          "private": "bnVsbA==",
          "dependencies": [
            "data.google_project.project"
          ]
        }
      ]
    },
    {
      "mode": "managed",
      "type": "google_project_iam_member",
      "name": "pubsub_sa_token_creator",
      "provider": "provider[\"registry.terraform.io/hashicorp/google\"]",
      "instances": [
        {
          "schema_version": 0,
          "attributes": {
            "condition": [],
            "etag": "BwY/N3MxkZc=",
            "id": "jovial-archive-470312-b5/roles/iam.serviceAccountTokenCreator/serviceAccount:service-125408840086@gcp-sa-pubsub.iam.gserviceaccount.com",
            "member": "serviceAccount:service-125408840086@gcp-sa-pubsub.iam.gserviceaccount.com",
            "project": "jovial-archive-470312-b5",
            "role": "roles/iam.serviceAccountTokenCreator"
          },
          "sensitive_attributes": [],
          "identity_schema_version": 0,
          "private": "bnVsbA==",
          "dependencies": [
            "data.google_project.project"
          ]
        }
      ]
    },
    {
      "mode": "managed",
      "type": "google_project_iam_member",
      "name": "user_service_account_user",
      "provider": "provider[\"registry.terraform.io/hashicorp/google\"]",
      "instances": [
        {
          "schema_version": 0,
          "attributes": {
            "condition": [],
            "etag": "BwY/N3MxkZc=",
            "id": "jovial-archive-470312-b5/roles/iam.serviceAccountUser/user:pratik161106@gmail.com",
            "member": "user:pratik161106@gmail.com",
            "project": "jovial-archive-470312-b5",
            "role": "roles/iam.serviceAccountUser"
          },
          "sensitive_attributes": [],
          "identity_schema_version": 0,
          "private": "bnVsbA=="
        }
      ]
    },
    {
      "mode": "managed",
      "type": "google_pubsub_topic",
      "name": "processing_topic",
      "provider": "provider[\"registry.terraform.io/hashicorp/google\"]",
      "instances": [
        {
          "schema_version": 0,
          "attributes": {
            "effective_labels": {
              "goog-terraform-provisioned": "true"
            },
            "id": "projects/jovial-archive-470312-b5/topics/legal-docs-to-process",
            "ingestion_data_source_settings": [],
            "kms_key_name": "",
            "labels": null,
            "message_retention_duration": "",
            "message_storage_policy": [],
            "message_transforms": [],
            "name": "legal-docs-to-process",
            "project": "jovial-archive-470312-b5",
            "schema_settings": [],
            "terraform_labels": {
              "goog-terraform-provisioned": "true"
            },
            "timeouts": null
          },
          "sensitive_attributes": [],
          "identity_schema_version": 0,
          "private": "eyJlMmJmYjczMC1lY2FhLTExZTYtOGY4OC0zNDM2M2JjN2M0YzAiOnsiY3JlYXRlIjoxMjAwMDAwMDAwMDAwLCJkZWxldGUiOjEyMDAwMDAwMDAwMDAsInVwZGF0ZSI6MTIwMDAwMDAwMDAwMH19"
        }
      ]
    },
    {
      "mode": "managed",
      "type": "google_service_account",
      "name": "function_sa",
      "provider": "provider[\"registry.terraform.io/hashicorp/google\"]",
      "instances": [
        {
          "schema_version": 0,
          "attributes": {
            "account_id": "lexi-simplify-func-sa",
            "create_ignore_already_exists": null,
            "description": "",
            "disabled": false,
            "display_name": "Lexi Simplify Function Service Account",
            "email": "lexi-simplify-func-sa@jovial-archive-470312-b5.iam.gserviceaccount.com",
            "id": "projects/jovial-archive-470312-b5/serviceAccounts/lexi-simplify-func-sa@jovial-archive-470312-b5.iam.gserviceaccount.com",
            "member": "serviceAccount:lexi-simplify-func-sa@jovial-archive-470312-b5.iam.gserviceaccount.com",
            "name": "projects/jovial-archive-470312-b5/serviceAccounts/lexi-simplify-func-sa@jovial-archive-470312-b5.iam.gserviceaccount.com",
            "project": "jovial-archive-470312-b5",
            "timeouts": null,
            "unique_id": "105342729464424749512"
          },
          "sensitive_attributes": [],
          "identity_schema_version": 0,
          "private": "eyJlMmJmYjczMC1lY2FhLTExZTYtOGY4OC0zNDM2M2JjN2M0YzAiOnsiY3JlYXRlIjozMDAwMDAwMDAwMDB9LCJzY2hlbWFfdmVyc2lvbiI6IjAifQ=="
        }
      ]
    },
    {
      "mode": "managed",
      "type": "google_storage_bucket",
      "name": "document_uploads",
      "provider": "provider[\"registry.terraform.io/hashicorp/google\"]",
      "instances": [
        {
          "schema_version": 4,
          "attributes": {
            "autoclass": [],
            "cors": [],
            "custom_placement_config": [],
            "default_event_based_hold": false,
            "effective_labels": {},
            "enable_object_retention": false,
            "encryption": [],
            "force_destroy": false,
            "hierarchical_namespace": [
              {
                "enabled": false
              }
            ],
            "id": "lexi-simplify-uploads-v4",
            "ip_filter": [],
            "labels": {},
            "lifecycle_rule": [],
            "location": "ASIA-SOUTH1",
            "logging": [],
            "name": "lexi-simplify-uploads-v4",
            "project": "jovial-archive-470312-b5",
            "project_number": 125408840086,
            "public_access_prevention": "inherited",
            "requester_pays": false,
            "retention_policy": [],
            "rpo": null,
            "self_link": "https://www.googleapis.com/storage/v1/b/lexi-simplify-uploads-v4",
            "soft_delete_policy": [
              {
                "effective_time": "2025-08-28T14:53:17.592Z",
                "retention_duration_seconds": 604800
              }
            ],
            "storage_class": "STANDARD",
            "terraform_labels": {},
            "time_created": "2025-08-28T14:53:17.592Z",
            "timeouts": null,
            "uniform_bucket_level_access": false,
            "updated": "2025-08-30T15:11:58.991Z",
            "url": "gs://lexi-simplify-uploads-v4",
            "versioning": [],
            "website": []
          },
          "sensitive_attributes": [],
          "identity_schema_version": 0,
          "private": "eyJlMmJmYjczMC1lY2FhLTExZTYtOGY4OC0zNDM2M2JjN2M0YzAiOnsiY3JlYXRlIjo2MDAwMDAwMDAwMDAsInJlYWQiOjI0MDAwMDAwMDAwMCwidXBkYXRlIjoyNDAwMDAwMDAwMDB9LCJzY2hlbWFfdmVyc2lvbiI6IjQifQ=="
        }
      ]
    },
    {
      "mode": "managed",
      "type": "google_storage_bucket",
      "name": "staging_bucket",
      "provider": "provider[\"registry.terraform.io/hashicorp/google\"]",
      "instances": [
        {
          "schema_version": 4,
          "attributes": {
            "autoclass": [],
            "cors": [],
            "custom_placement_config": [],
            "default_event_based_hold": false,
            "effective_labels": {
              "goog-terraform-provisioned": "true"
            },
            "enable_object_retention": false,
            "encryption": [],
            "force_destroy": false,
            "hierarchical_namespace": [
              {
                "enabled": false
              }
            ],
            "id": "lexi-simplify-vs-staging-us-central1",
            "ip_filter": [],
            "labels": null,
            "lifecycle_rule": [],
            "location": "US-CENTRAL1",
            "logging": [],
            "name": "lexi-simplify-vs-staging-us-central1",
            "project": "jovial-archive-470312-b5",
            "project_number": 125408840086,
            "public_access_prevention": "inherited",
            "requester_pays": false,
            "retention_policy": [],
            "rpo": null,
            "self_link": "https://www.googleapis.com/storage/v1/b/lexi-simplify-vs-staging-us-central1",
            "soft_delete_policy": [
              {
                "effective_time": "2025-09-20T08:34:03.953Z",
                "retention_duration_seconds": 604800
              }
            ],
            "storage_class": "STANDARD",
            "terraform_labels": {
              "goog-terraform-provisioned": "true"
            },
            "time_created": "2025-09-20T08:34:03.953Z",
            "timeouts": null,
            "uniform_bucket_level_access": true,
            "updated": "2025-09-20T08:34:03.953Z",
            "url": "gs://lexi-simplify-vs-staging-us-central1",
            "versioning": [],
            "website": []
          },
          "sensitive_attributes": [],
          "identity_schema_version": 0,
          "private": "eyJlMmJmYjczMC1lY2FhLTExZTYtOGY4OC0zNDM2M2JjN2M0YzAiOnsiY3JlYXRlIjo2MDAwMDAwMDAwMDAsInJlYWQiOjI0MDAwMDAwMDAwMCwidXBkYXRlIjoyNDAwMDAwMDAwMDB9LCJzY2hlbWFfdmVyc2lvbiI6IjQifQ=="
        }
      ]
    },
    {
      "mode": "managed",
      "type": "google_storage_bucket",
      "name": "uploads_bucket",
      "provider": "provider[\"registry.terraform.io/hashicorp/google\"]",
      "instances": [
        {
          "schema_version": 4,
          "attributes": {
            "autoclass": [],
            "cors": [],
            "custom_placement_config": [],
            "default_event_based_hold": false,
            "effective_labels": {},
            "enable_object_retention": false,
            "encryption": [],
            "force_destroy": false,
            "hierarchical_namespace": [
              {
                "enabled": false
              }
            ],
            "id": "lexi-simplify-uploads-v4",
            "ip_filter": [],
            "labels": {},
            "lifecycle_rule": [],
            "location": "ASIA-SOUTH1",
            "logging": [],
            "name": "lexi-simplify-uploads-v4",
            "project": "jovial-archive-470312-b5",
            "project_number": 125408840086,
            "public_access_prevention": "inherited",
            "requester_pays": false,
            "retention_policy": [],
            "rpo": null,
            "self_link": "https://www.googleapis.com/storage/v1/b/lexi-simplify-uploads-v4",
            "soft_delete_policy": [
              {
                "effective_time": "2025-08-28T14:53:17.592Z",
                "retention_duration_seconds": 604800
              }
            ],
            "storage_class": "STANDARD",
            "terraform_labels": {},
            "time_created": "2025-08-28T14:53:17.592Z",
            "timeouts": null,
            "uniform_bucket_level_access": false,
            "updated": "2025-08-30T15:11:58.991Z",
            "url": "gs://lexi-simplify-uploads-v4",
            "versioning": [],
            "website": []
          },
          "sensitive_attributes": [],
          "identity_schema_version": 0,
          "private": "eyJlMmJmYjczMC1lY2FhLTExZTYtOGY4OC0zNDM2M2JjN2M0YzAiOnsiY3JlYXRlIjo2MDAwMDAwMDAwMDAsInJlYWQiOjI0MDAwMDAwMDAwMCwidXBkYXRlIjoyNDAwMDAwMDAwMDB9LCJzY2hlbWFfdmVyc2lvbiI6IjQifQ=="
        }
      ]
    }
  ],
  "check_results": null
}
